[[package]]
name = "graphviz"
version = "0.20.3"
description = "Simple Python interface for Graphviz"
category = "main"
optional = false
python-versions = ">=3.8"

[package.extras]
dev = ["tox (>=3)", "flake8", "pep8-naming", "wheel", "twine"]
docs = ["sphinx (>=5,<7)", "sphinx-autodoc-typehints", "sphinx-rtd-theme"]
test = ["pytest (>=7,<8.1)", "pytest-mock (>=3)", "pytest-cov", "coverage"]

[[package]]
name = "llvmlite"
version = "0.43.0"
description = "lightweight wrapper around basic LLVM functionality"
category = "main"
optional = false
python-versions = ">=3.9"

[[package]]
name = "numba"
version = "0.60.0"
description = "compiling Python code using LLVM"
category = "main"
optional = false
python-versions = ">=3.9"

[package.dependencies]
llvmlite = ">=0.43.0dev0,<0.44"
numpy = ">=1.22,<2.1"

[[package]]
name = "numpy"
version = "2.0.2"
description = "Fundamental package for array computing in Python"
category = "main"
optional = false
python-versions = ">=3.9"

[[package]]
name = "ply"
version = "3.11"
description = "Python Lex & Yacc"
category = "main"
optional = false
python-versions = "*"

[metadata]
lock-version = "1.1"
python-versions = ">=3.10"
content-hash = "628513c34a7997b47560d59b26e686ef4948ec38ddb021770986a0c5ad174905"

[metadata.files]
graphviz = []
llvmlite = []
numba = []
numpy = []
ply = []
